
Microsoft Visual Studio Solution File, Format Version 12.00
# Visual Studio Version 16
VisualStudioVersion = 16.0.34601.136
MinimumVisualStudioVersion = 10.0.40219.1
Project("{9A19103F-16F7-4668-BE54-9A1E7A4F7556}") = "CodePractice", "CodePractice\CodePractice.csproj", "{B97463DF-FCE2-4D6F-A033-D874BA87D2A7}"
EndProject
Project("{9A19103F-16F7-4668-BE54-9A1E7A4F7556}") = "2DArray", "Array\2DArray.csproj", "{F6478791-60E5-45CD-980A-7595BCF9C5BE}"
EndProject
Project("{9A19103F-16F7-4668-BE54-9A1E7A4F7556}") = "TicTacToe Game", "TicTacToe Game\TicTacToe Game.csproj", "{E017DB5B-B957-4ED4-835B-B1B7662DDD84}"
EndProject
Project("{FAE04EC0-301F-11D3-BF4B-00C04F79EFBC}") = "JoggedArray", "GoggedArray\JoggedArray.csproj", "{EDCC8DCD-6013-48F2-9E80-A8534E22263E}"
EndProject
Global
	GlobalSection(SolutionConfigurationPlatforms) = preSolution
		Debug|Any CPU = Debug|Any CPU
		Release|Any CPU = Release|Any CPU
	EndGlobalSection
	GlobalSection(ProjectConfigurationPlatforms) = postSolution
		{B97463DF-FCE2-4D6F-A033-D874BA87D2A7}.Debug|Any CPU.ActiveCfg = Debug|Any CPU
		{B97463DF-FCE2-4D6F-A033-D874BA87D2A7}.Debug|Any CPU.Build.0 = Debug|Any CPU
		{B97463DF-FCE2-4D6F-A033-D874BA87D2A7}.Release|Any CPU.ActiveCfg = Release|Any CPU
		{B97463DF-FCE2-4D6F-A033-D874BA87D2A7}.Release|Any CPU.Build.0 = Release|Any CPU
		{F6478791-60E5-45CD-980A-7595BCF9C5BE}.Debug|Any CPU.ActiveCfg = Debug|Any CPU
		{F6478791-60E5-45CD-980A-7595BCF9C5BE}.Debug|Any CPU.Build.0 = Debug|Any CPU
		{F6478791-60E5-45CD-980A-7595BCF9C5BE}.Release|Any CPU.ActiveCfg = Release|Any CPU
		{F6478791-60E5-45CD-980A-7595BCF9C5BE}.Release|Any CPU.Build.0 = Release|Any CPU
		{E017DB5B-B957-4ED4-835B-B1B7662DDD84}.Debug|Any CPU.ActiveCfg = Debug|Any CPU
		{E017DB5B-B957-4ED4-835B-B1B7662DDD84}.Debug|Any CPU.Build.0 = Debug|Any CPU
		{E017DB5B-B957-4ED4-835B-B1B7662DDD84}.Release|Any CPU.ActiveCfg = Release|Any CPU
		{E017DB5B-B957-4ED4-835B-B1B7662DDD84}.Release|Any CPU.Build.0 = Release|Any CPU
		{EDCC8DCD-6013-48F2-9E80-A8534E22263E}.Debug|Any CPU.ActiveCfg = Debug|Any CPU
		{EDCC8DCD-6013-48F2-9E80-A8534E22263E}.Debug|Any CPU.Build.0 = Debug|Any CPU
		{EDCC8DCD-6013-48F2-9E80-A8534E22263E}.Release|Any CPU.ActiveCfg = Release|Any CPU
		{EDCC8DCD-6013-48F2-9E80-A8534E22263E}.Release|Any CPU.Build.0 = Release|Any CPU
	EndGlobalSection
	GlobalSection(SolutionProperties) = preSolution
		HideSolutionNode = FALSE
	EndGlobalSection
	GlobalSection(ExtensibilityGlobals) = postSolution
		SolutionGuid = {827C4543-D8C0-421E-9BB0-9D1584404DC8}
	EndGlobalSection
EndGlobal
